
Microsoft Visual Studio Solution File, Format Version 12.00
# Visual Studio Version 16
VisualStudioVersion = 16.0.32510.428
MinimumVisualStudioVersion = 10.0.40219.1
Project("{FAE04EC0-301F-11D3-BF4B-00C04F79EFBC}") = "Dot_Project_Calculator", "Dot_Project_Calculator.csproj", "{82E02B2F-CD67-4251-8695-96EB2E335CDB}"
EndProject
Global
	GlobalSection(SolutionConfigurationPlatforms) = preSolution
		Debug|Any CPU = Debug|Any CPU
		Release|Any CPU = Release|Any CPU
	EndGlobalSection
	GlobalSection(ProjectConfigurationPlatforms) = postSolution
		{82E02B2F-CD67-4251-8695-96EB2E335CDB}.Debug|Any CPU.ActiveCfg = Debug|Any CPU
		{82E02B2F-CD67-4251-8695-96EB2E335CDB}.Debug|Any CPU.Build.0 = Debug|Any CPU
		{82E02B2F-CD67-4251-8695-96EB2E335CDB}.Release|Any CPU.ActiveCfg = Release|Any CPU
		{82E02B2F-CD67-4251-8695-96EB2E335CDB}.Release|Any CPU.Build.0 = Release|Any CPU
	EndGlobalSection
	GlobalSection(SolutionProperties) = preSolution
		HideSolutionNode = FALSE
	EndGlobalSection
	GlobalSection(ExtensibilityGlobals) = postSolution
		SolutionGuid = {1C0CC551-DA1D-4C26-B0BE-124F497A2C68}
	EndGlobalSection
EndGlobal
