
Microsoft Visual Studio Solution File, Format Version 12.00
# Visual Studio Version 16
VisualStudioVersion = 16.0.32510.428
MinimumVisualStudioVersion = 10.0.40219.1
Project("{FAE04EC0-301F-11D3-BF4B-00C04F79EFBC}") = "Dot_Net_Project_1", "Dot_Net_Project_1.csproj", "{8C191B15-3740-4750-9E0F-E3AEA1EF150D}"
EndProject
Global
	GlobalSection(SolutionConfigurationPlatforms) = preSolution
		Debug|Any CPU = Debug|Any CPU
		Release|Any CPU = Release|Any CPU
	EndGlobalSection
	GlobalSection(ProjectConfigurationPlatforms) = postSolution
		{8C191B15-3740-4750-9E0F-E3AEA1EF150D}.Debug|Any CPU.ActiveCfg = Debug|Any CPU
		{8C191B15-3740-4750-9E0F-E3AEA1EF150D}.Debug|Any CPU.Build.0 = Debug|Any CPU
		{8C191B15-3740-4750-9E0F-E3AEA1EF150D}.Release|Any CPU.ActiveCfg = Release|Any CPU
		{8C191B15-3740-4750-9E0F-E3AEA1EF150D}.Release|Any CPU.Build.0 = Release|Any CPU
	EndGlobalSection
	GlobalSection(SolutionProperties) = preSolution
		HideSolutionNode = FALSE
	EndGlobalSection
	GlobalSection(ExtensibilityGlobals) = postSolution
		SolutionGuid = {511F2C6E-A07F-4A22-8180-5CEA10BA8828}
	EndGlobalSection
EndGlobal
